
Microsoft Visual Studio Solution File, Format Version 12.00
# Visual Studio Version 17
VisualStudioVersion = 17.6.33723.286
MinimumVisualStudioVersion = 10.0.40219.1
Project("{9A19103F-16F7-4668-BE54-9A1E7A4F7556}") = "MultiLLibray.API", "MultiLLibray.API\MultiLLibray.API.csproj", "{F254711D-B5D4-4E77-A4A5-B96208DE1329}"
EndProject
Project("{FAE04EC0-301F-11D3-BF4B-00C04F79EFBC}") = "Benchmark.ConsoleApp", "Benchmark.ConsoleApp\Benchmark.ConsoleApp.csproj", "{89E7805B-7024-4BC3-9EF9-2A70C0937E4E}"
EndProject
Global
	GlobalSection(SolutionConfigurationPlatforms) = preSolution
		Debug|Any CPU = Debug|Any CPU
		Release|Any CPU = Release|Any CPU
	EndGlobalSection
	GlobalSection(ProjectConfigurationPlatforms) = postSolution
		{F254711D-B5D4-4E77-A4A5-B96208DE1329}.Debug|Any CPU.ActiveCfg = Debug|Any CPU
		{F254711D-B5D4-4E77-A4A5-B96208DE1329}.Debug|Any CPU.Build.0 = Debug|Any CPU
		{F254711D-B5D4-4E77-A4A5-B96208DE1329}.Release|Any CPU.ActiveCfg = Release|Any CPU
		{F254711D-B5D4-4E77-A4A5-B96208DE1329}.Release|Any CPU.Build.0 = Release|Any CPU
		{89E7805B-7024-4BC3-9EF9-2A70C0937E4E}.Debug|Any CPU.ActiveCfg = Debug|Any CPU
		{89E7805B-7024-4BC3-9EF9-2A70C0937E4E}.Debug|Any CPU.Build.0 = Debug|Any CPU
		{89E7805B-7024-4BC3-9EF9-2A70C0937E4E}.Release|Any CPU.ActiveCfg = Release|Any CPU
		{89E7805B-7024-4BC3-9EF9-2A70C0937E4E}.Release|Any CPU.Build.0 = Release|Any CPU
	EndGlobalSection
	GlobalSection(SolutionProperties) = preSolution
		HideSolutionNode = FALSE
	EndGlobalSection
	GlobalSection(ExtensibilityGlobals) = postSolution
		SolutionGuid = {0B3B0ABA-7130-4194-AC49-6B738F82A427}
	EndGlobalSection
EndGlobal
